
Microsoft Visual Studio Solution File, Format Version 12.00
# Visual Studio Version 17
VisualStudioVersion = 17.9.34714.143
MinimumVisualStudioVersion = 10.0.40219.1
Project("{9A19103F-16F7-4668-BE54-9A1E7A4F7556}") = "PortalMVCCore.Web", "PortalMVCCore.Web\PortalMVCCore.Web.csproj", "{2EEB6B6E-D32D-4650-AAEA-E339005C1643}"
EndProject
Project("{9A19103F-16F7-4668-BE54-9A1E7A4F7556}") = "PortalMVCCore.DAL", "PortalMVCCore.DAL\PortalMVCCore.DAL.csproj", "{C4E6FB14-1025-4AFA-A2D8-F7E3F74C72B5}"
EndProject
Project("{9A19103F-16F7-4668-BE54-9A1E7A4F7556}") = "PortalMVCCore.Test", "PortalMVCCOre.Test\PortalMVCCore.Test.csproj", "{9B1BB1F4-72BE-4029-A838-AB6A3D192477}"
EndProject
Project("{FAE04EC0-301F-11D3-BF4B-00C04F79EFBC}") = "PortalMVCCore.BLL", "PortalMVCCore.BLL\PortalMVCCore.BLL.csproj", "{EF68992D-3A41-4E6D-A863-A51CDDFB57F3}"
EndProject
Global
	GlobalSection(SolutionConfigurationPlatforms) = preSolution
		Debug|Any CPU = Debug|Any CPU
		Release|Any CPU = Release|Any CPU
	EndGlobalSection
	GlobalSection(ProjectConfigurationPlatforms) = postSolution
		{2EEB6B6E-D32D-4650-AAEA-E339005C1643}.Debug|Any CPU.ActiveCfg = Debug|Any CPU
		{2EEB6B6E-D32D-4650-AAEA-E339005C1643}.Debug|Any CPU.Build.0 = Debug|Any CPU
		{2EEB6B6E-D32D-4650-AAEA-E339005C1643}.Release|Any CPU.ActiveCfg = Release|Any CPU
		{2EEB6B6E-D32D-4650-AAEA-E339005C1643}.Release|Any CPU.Build.0 = Release|Any CPU
		{C4E6FB14-1025-4AFA-A2D8-F7E3F74C72B5}.Debug|Any CPU.ActiveCfg = Debug|Any CPU
		{C4E6FB14-1025-4AFA-A2D8-F7E3F74C72B5}.Debug|Any CPU.Build.0 = Debug|Any CPU
		{C4E6FB14-1025-4AFA-A2D8-F7E3F74C72B5}.Release|Any CPU.ActiveCfg = Release|Any CPU
		{C4E6FB14-1025-4AFA-A2D8-F7E3F74C72B5}.Release|Any CPU.Build.0 = Release|Any CPU
		{9B1BB1F4-72BE-4029-A838-AB6A3D192477}.Debug|Any CPU.ActiveCfg = Debug|Any CPU
		{9B1BB1F4-72BE-4029-A838-AB6A3D192477}.Debug|Any CPU.Build.0 = Debug|Any CPU
		{9B1BB1F4-72BE-4029-A838-AB6A3D192477}.Release|Any CPU.ActiveCfg = Release|Any CPU
		{9B1BB1F4-72BE-4029-A838-AB6A3D192477}.Release|Any CPU.Build.0 = Release|Any CPU
		{EF68992D-3A41-4E6D-A863-A51CDDFB57F3}.Debug|Any CPU.ActiveCfg = Debug|Any CPU
		{EF68992D-3A41-4E6D-A863-A51CDDFB57F3}.Debug|Any CPU.Build.0 = Debug|Any CPU
		{EF68992D-3A41-4E6D-A863-A51CDDFB57F3}.Release|Any CPU.ActiveCfg = Release|Any CPU
		{EF68992D-3A41-4E6D-A863-A51CDDFB57F3}.Release|Any CPU.Build.0 = Release|Any CPU
	EndGlobalSection
	GlobalSection(SolutionProperties) = preSolution
		HideSolutionNode = FALSE
	EndGlobalSection
	GlobalSection(ExtensibilityGlobals) = postSolution
		SolutionGuid = {7BAF14D9-F347-4993-BF26-7DAC67E38A06}
	EndGlobalSection
EndGlobal
